{
  "nodes": {
    "home-manager": {
      "inputs": {
        "nixpkgs": "nixpkgs"
      },
      "locked": {
        "lastModified": 1623251710,
        "narHash": "sha256-eCMquRJXAzzFgNcTO4jQqp8D40N0jSA58+oqhyOrEbU=",
        "owner": "nix-community",
        "repo": "home-manager",
        "rev": "42847469b3f65a363dc52b66be09d0ac4edcc55c",
        "type": "github"
      },
      "original": {
        "owner": "nix-community",
        "repo": "home-manager",
        "type": "github"
      }
    },
    "nixpkgs": {
      "locked": {
        "lastModified": 1623281731,
        "narHash": "sha256-Rx3NISwlt1jf6VpNlSWm+nug0OcPhcPgtnpX0hdxUWw=",
        "owner": "NixOS",
        "repo": "nixpkgs",
        "rev": "90d944e42fdd0e2ee641312286aad6d2bb769ce7",
        "type": "github"
      },
      "original": {
        "id": "nixpkgs",
        "type": "indirect"
      }
    },
    "nixpkgs_2": {
      "locked": {
        "lastModified": 1622966049,
        "narHash": "sha256-6g+28v94ISkVk9TBSsITVOnB2slK8plieWPIF2jo/l0=",
        "owner": "nixos",
        "repo": "nixpkgs",
        "rev": "fbfb79400a08bf754e32b4d4fc3f7d8f8055cf94",
        "type": "github"
      },
      "original": {
        "owner": "nixos",
        "ref": "nixos-unstable",
        "repo": "nixpkgs",
        "type": "github"
      }
    },
    "root": {
      "inputs": {
        "home-manager": "home-manager",
        "nixpkgs": "nixpkgs_2"
      }
    }
  },
  "root": "root",
  "version": 7
}
